// !$*UTF8*$!
{
	archiveVersion = 1;
	classes = {
	};
	objectVersion = 46;
	objects = {

/* Begin PBXBuildFile section */
		C90CB2A81BBBC5C2003556E8 /* main.m in Sources */ = {isa = PBXBuildFile; fileRef = C90CB2A71BBBC5C2003556E8 /* main.m */; };
		C90CB2AB1BBBC5C2003556E8 /* AppDelegate.m in Sources */ = {isa = PBXBuildFile; fileRef = C90CB2AA1BBBC5C2003556E8 /* AppDelegate.m */; };
		C90CB2AE1BBBC5C2003556E8 /* ViewController.m in Sources */ = {isa = PBXBuildFile; fileRef = C90CB2AD1BBBC5C2003556E8 /* ViewController.m */; };
		C90CB2B11BBBC5C2003556E8 /* Main.storyboard in Resources */ = {isa = PBXBuildFile; fileRef = C90CB2AF1BBBC5C2003556E8 /* Main.storyboard */; };
		C90CB2B31BBBC5C2003556E8 /* Assets.xcassets in Resources */ = {isa = PBXBuildFile; fileRef = C90CB2B21BBBC5C2003556E8 /* Assets.xcassets */; };
		C90CB2B61BBBC5C2003556E8 /* LaunchScreen.storyboard in Resources */ = {isa = PBXBuildFile; fileRef = C90CB2B41BBBC5C2003556E8 /* LaunchScreen.storyboard */; };
		C90CB2C11BBBC5C2003556E8 /* firstLuaTests.m in Sources */ = {isa = PBXBuildFile; fileRef = C90CB2C01BBBC5C2003556E8 /* firstLuaTests.m */; };
		C90CB2CC1BBBC5C2003556E8 /* firstLuaUITests.m in Sources */ = {isa = PBXBuildFile; fileRef = C90CB2CB1BBBC5C2003556E8 /* firstLuaUITests.m */; };
		C90CB2DB1BBBC944003556E8 /* ShipController.m in Sources */ = {isa = PBXBuildFile; fileRef = C90CB2DA1BBBC944003556E8 /* ShipController.m */; settings = {ASSET_TAGS = (); }; };
		C958343C1BBE5A1B001341DB /* enemy_ship.lua in Resources */ = {isa = PBXBuildFile; fileRef = C958343B1BBE5A1B001341DB /* enemy_ship.lua */; settings = {ASSET_TAGS = (); }; };
		C9825BE71BBD092F00DC93F6 /* lapi.c in Sources */ = {isa = PBXBuildFile; fileRef = C9825BA91BBD092F00DC93F6 /* lapi.c */; settings = {ASSET_TAGS = (); }; };
		C9825BE81BBD092F00DC93F6 /* lauxlib.c in Sources */ = {isa = PBXBuildFile; fileRef = C9825BAB1BBD092F00DC93F6 /* lauxlib.c */; settings = {ASSET_TAGS = (); }; };
		C9825BE91BBD092F00DC93F6 /* lbaselib.c in Sources */ = {isa = PBXBuildFile; fileRef = C9825BAD1BBD092F00DC93F6 /* lbaselib.c */; settings = {ASSET_TAGS = (); }; };
		C9825BEA1BBD092F00DC93F6 /* lbitlib.c in Sources */ = {isa = PBXBuildFile; fileRef = C9825BAE1BBD092F00DC93F6 /* lbitlib.c */; settings = {ASSET_TAGS = (); }; };
		C9825BEB1BBD092F00DC93F6 /* lcode.c in Sources */ = {isa = PBXBuildFile; fileRef = C9825BAF1BBD092F00DC93F6 /* lcode.c */; settings = {ASSET_TAGS = (); }; };
		C9825BEC1BBD092F00DC93F6 /* lcorolib.c in Sources */ = {isa = PBXBuildFile; fileRef = C9825BB11BBD092F00DC93F6 /* lcorolib.c */; settings = {ASSET_TAGS = (); }; };
		C9825BED1BBD092F00DC93F6 /* lctype.c in Sources */ = {isa = PBXBuildFile; fileRef = C9825BB21BBD092F00DC93F6 /* lctype.c */; settings = {ASSET_TAGS = (); }; };
		C9825BEE1BBD092F00DC93F6 /* ldblib.c in Sources */ = {isa = PBXBuildFile; fileRef = C9825BB41BBD092F00DC93F6 /* ldblib.c */; settings = {ASSET_TAGS = (); }; };
		C9825BEF1BBD092F00DC93F6 /* ldebug.c in Sources */ = {isa = PBXBuildFile; fileRef = C9825BB51BBD092F00DC93F6 /* ldebug.c */; settings = {ASSET_TAGS = (); }; };
		C9825BF01BBD092F00DC93F6 /* ldo.c in Sources */ = {isa = PBXBuildFile; fileRef = C9825BB71BBD092F00DC93F6 /* ldo.c */; settings = {ASSET_TAGS = (); }; };
		C9825BF11BBD092F00DC93F6 /* ldump.c in Sources */ = {isa = PBXBuildFile; fileRef = C9825BB91BBD092F00DC93F6 /* ldump.c */; settings = {ASSET_TAGS = (); }; };
		C9825BF21BBD092F00DC93F6 /* lfunc.c in Sources */ = {isa = PBXBuildFile; fileRef = C9825BBA1BBD092F00DC93F6 /* lfunc.c */; settings = {ASSET_TAGS = (); }; };
		C9825BF31BBD092F00DC93F6 /* lgc.c in Sources */ = {isa = PBXBuildFile; fileRef = C9825BBC1BBD092F00DC93F6 /* lgc.c */; settings = {ASSET_TAGS = (); }; };
		C9825BF41BBD092F00DC93F6 /* linit.c in Sources */ = {isa = PBXBuildFile; fileRef = C9825BBE1BBD092F00DC93F6 /* linit.c */; settings = {ASSET_TAGS = (); }; };
		C9825BF51BBD092F00DC93F6 /* liolib.c in Sources */ = {isa = PBXBuildFile; fileRef = C9825BBF1BBD092F00DC93F6 /* liolib.c */; settings = {ASSET_TAGS = (); }; };
		C9825BF61BBD092F00DC93F6 /* llex.c in Sources */ = {isa = PBXBuildFile; fileRef = C9825BC01BBD092F00DC93F6 /* llex.c */; settings = {ASSET_TAGS = (); }; };
		C9825BF71BBD092F00DC93F6 /* lmathlib.c in Sources */ = {isa = PBXBuildFile; fileRef = C9825BC31BBD092F00DC93F6 /* lmathlib.c */; settings = {ASSET_TAGS = (); }; };
		C9825BF81BBD092F00DC93F6 /* lmem.c in Sources */ = {isa = PBXBuildFile; fileRef = C9825BC41BBD092F00DC93F6 /* lmem.c */; settings = {ASSET_TAGS = (); }; };
		C9825BF91BBD092F00DC93F6 /* loadlib.c in Sources */ = {isa = PBXBuildFile; fileRef = C9825BC61BBD092F00DC93F6 /* loadlib.c */; settings = {ASSET_TAGS = (); }; };
		C9825BFA1BBD092F00DC93F6 /* lobject.c in Sources */ = {isa = PBXBuildFile; fileRef = C9825BC71BBD092F00DC93F6 /* lobject.c */; settings = {ASSET_TAGS = (); }; };
		C9825BFB1BBD092F00DC93F6 /* lopcodes.c in Sources */ = {isa = PBXBuildFile; fileRef = C9825BC91BBD092F00DC93F6 /* lopcodes.c */; settings = {ASSET_TAGS = (); }; };
		C9825BFC1BBD092F00DC93F6 /* loslib.c in Sources */ = {isa = PBXBuildFile; fileRef = C9825BCB1BBD092F00DC93F6 /* loslib.c */; settings = {ASSET_TAGS = (); }; };
		C9825BFD1BBD092F00DC93F6 /* lparser.c in Sources */ = {isa = PBXBuildFile; fileRef = C9825BCC1BBD092F00DC93F6 /* lparser.c */; settings = {ASSET_TAGS = (); }; };
		C9825BFE1BBD092F00DC93F6 /* lstate.c in Sources */ = {isa = PBXBuildFile; fileRef = C9825BCF1BBD092F00DC93F6 /* lstate.c */; settings = {ASSET_TAGS = (); }; };
		C9825BFF1BBD092F00DC93F6 /* lstring.c in Sources */ = {isa = PBXBuildFile; fileRef = C9825BD11BBD092F00DC93F6 /* lstring.c */; settings = {ASSET_TAGS = (); }; };
		C9825C001BBD092F00DC93F6 /* lstrlib.c in Sources */ = {isa = PBXBuildFile; fileRef = C9825BD31BBD092F00DC93F6 /* lstrlib.c */; settings = {ASSET_TAGS = (); }; };
		C9825C011BBD092F00DC93F6 /* ltable.c in Sources */ = {isa = PBXBuildFile; fileRef = C9825BD41BBD092F00DC93F6 /* ltable.c */; settings = {ASSET_TAGS = (); }; };
		C9825C021BBD092F00DC93F6 /* ltablib.c in Sources */ = {isa = PBXBuildFile; fileRef = C9825BD61BBD092F00DC93F6 /* ltablib.c */; settings = {ASSET_TAGS = (); }; };
		C9825C031BBD092F00DC93F6 /* ltm.c in Sources */ = {isa = PBXBuildFile; fileRef = C9825BD71BBD092F00DC93F6 /* ltm.c */; settings = {ASSET_TAGS = (); }; };
		C9825C061BBD092F00DC93F6 /* lundump.c in Sources */ = {isa = PBXBuildFile; fileRef = C9825BDF1BBD092F00DC93F6 /* lundump.c */; settings = {ASSET_TAGS = (); }; };
		C9825C071BBD092F00DC93F6 /* lutf8lib.c in Sources */ = {isa = PBXBuildFile; fileRef = C9825BE11BBD092F00DC93F6 /* lutf8lib.c */; settings = {ASSET_TAGS = (); }; };
		C9825C081BBD092F00DC93F6 /* lvm.c in Sources */ = {isa = PBXBuildFile; fileRef = C9825BE21BBD092F00DC93F6 /* lvm.c */; settings = {ASSET_TAGS = (); }; };
		C9825C091BBD092F00DC93F6 /* lzio.c in Sources */ = {isa = PBXBuildFile; fileRef = C9825BE41BBD092F00DC93F6 /* lzio.c */; settings = {ASSET_TAGS = (); }; };
		C9825C0E1BBD1C9700DC93F6 /* ship.lua in Resources */ = {isa = PBXBuildFile; fileRef = C9825C0D1BBD1C9700DC93F6 /* ship.lua */; settings = {ASSET_TAGS = (); }; };
/* End PBXBuildFile section */

/* Begin PBXContainerItemProxy section */
		C90CB2BD1BBBC5C2003556E8 /* PBXContainerItemProxy */ = {
			isa = PBXContainerItemProxy;
			containerPortal = C90CB29B1BBBC5C1003556E8 /* Project object */;
			proxyType = 1;
			remoteGlobalIDString = C90CB2A21BBBC5C2003556E8;
			remoteInfo = firstLua;
		};
		C90CB2C81BBBC5C2003556E8 /* PBXContainerItemProxy */ = {
			isa = PBXContainerItemProxy;
			containerPortal = C90CB29B1BBBC5C1003556E8 /* Project object */;
			proxyType = 1;
			remoteGlobalIDString = C90CB2A21BBBC5C2003556E8;
			remoteInfo = firstLua;
		};
/* End PBXContainerItemProxy section */

/* Begin PBXFileReference section */
		C90CB2A31BBBC5C2003556E8 /* firstLua.app */ = {isa = PBXFileReference; explicitFileType = wrapper.application; includeInIndex = 0; path = firstLua.app; sourceTree = BUILT_PRODUCTS_DIR; };
		C90CB2A71BBBC5C2003556E8 /* main.m */ = {isa = PBXFileReference; lastKnownFileType = sourcecode.c.objc; path = main.m; sourceTree = "<group>"; };
		C90CB2A91BBBC5C2003556E8 /* AppDelegate.h */ = {isa = PBXFileReference; lastKnownFileType = sourcecode.c.h; path = AppDelegate.h; sourceTree = "<group>"; };
		C90CB2AA1BBBC5C2003556E8 /* AppDelegate.m */ = {isa = PBXFileReference; lastKnownFileType = sourcecode.c.objc; path = AppDelegate.m; sourceTree = "<group>"; };
		C90CB2AC1BBBC5C2003556E8 /* ViewController.h */ = {isa = PBXFileReference; lastKnownFileType = sourcecode.c.h; path = ViewController.h; sourceTree = "<group>"; };
		C90CB2AD1BBBC5C2003556E8 /* ViewController.m */ = {isa = PBXFileReference; lastKnownFileType = sourcecode.c.objc; path = ViewController.m; sourceTree = "<group>"; };
		C90CB2B01BBBC5C2003556E8 /* Base */ = {isa = PBXFileReference; lastKnownFileType = file.storyboard; name = Base; path = Base.lproj/Main.storyboard; sourceTree = "<group>"; };
		C90CB2B21BBBC5C2003556E8 /* Assets.xcassets */ = {isa = PBXFileReference; lastKnownFileType = folder.assetcatalog; path = Assets.xcassets; sourceTree = "<group>"; };
		C90CB2B51BBBC5C2003556E8 /* Base */ = {isa = PBXFileReference; lastKnownFileType = file.storyboard; name = Base; path = Base.lproj/LaunchScreen.storyboard; sourceTree = "<group>"; };
		C90CB2B71BBBC5C2003556E8 /* Info.plist */ = {isa = PBXFileReference; lastKnownFileType = text.plist.xml; path = Info.plist; sourceTree = "<group>"; };
		C90CB2BC1BBBC5C2003556E8 /* firstLuaTests.xctest */ = {isa = PBXFileReference; explicitFileType = wrapper.cfbundle; includeInIndex = 0; path = firstLuaTests.xctest; sourceTree = BUILT_PRODUCTS_DIR; };
		C90CB2C01BBBC5C2003556E8 /* firstLuaTests.m */ = {isa = PBXFileReference; lastKnownFileType = sourcecode.c.objc; path = firstLuaTests.m; sourceTree = "<group>"; };
		C90CB2C21BBBC5C2003556E8 /* Info.plist */ = {isa = PBXFileReference; lastKnownFileType = text.plist.xml; path = Info.plist; sourceTree = "<group>"; };
		C90CB2C71BBBC5C2003556E8 /* firstLuaUITests.xctest */ = {isa = PBXFileReference; explicitFileType = wrapper.cfbundle; includeInIndex = 0; path = firstLuaUITests.xctest; sourceTree = BUILT_PRODUCTS_DIR; };
		C90CB2CB1BBBC5C2003556E8 /* firstLuaUITests.m */ = {isa = PBXFileReference; lastKnownFileType = sourcecode.c.objc; path = firstLuaUITests.m; sourceTree = "<group>"; };
		C90CB2CD1BBBC5C2003556E8 /* Info.plist */ = {isa = PBXFileReference; lastKnownFileType = text.plist.xml; path = Info.plist; sourceTree = "<group>"; };
		C90CB2D91BBBC944003556E8 /* ShipController.h */ = {isa = PBXFileReference; fileEncoding = 4; lastKnownFileType = sourcecode.c.h; path = ShipController.h; sourceTree = "<group>"; };
		C90CB2DA1BBBC944003556E8 /* ShipController.m */ = {isa = PBXFileReference; fileEncoding = 4; lastKnownFileType = sourcecode.c.objc; path = ShipController.m; sourceTree = "<group>"; };
		C90CB2DD1BBBE783003556E8 /* firstLua-Prefix.pch */ = {isa = PBXFileReference; fileEncoding = 4; lastKnownFileType = sourcecode.c.h; path = "firstLua-Prefix.pch"; sourceTree = "<group>"; };
		C958343B1BBE5A1B001341DB /* enemy_ship.lua */ = {isa = PBXFileReference; fileEncoding = 4; lastKnownFileType = text; path = enemy_ship.lua; sourceTree = "<group>"; };
		C9825BA91BBD092F00DC93F6 /* lapi.c */ = {isa = PBXFileReference; fileEncoding = 4; lastKnownFileType = sourcecode.c.c; path = lapi.c; sourceTree = "<group>"; };
		C9825BAA1BBD092F00DC93F6 /* lapi.h */ = {isa = PBXFileReference; fileEncoding = 4; lastKnownFileType = sourcecode.c.h; path = lapi.h; sourceTree = "<group>"; };
		C9825BAB1BBD092F00DC93F6 /* lauxlib.c */ = {isa = PBXFileReference; fileEncoding = 4; lastKnownFileType = sourcecode.c.c; path = lauxlib.c; sourceTree = "<group>"; };
		C9825BAC1BBD092F00DC93F6 /* lauxlib.h */ = {isa = PBXFileReference; fileEncoding = 4; lastKnownFileType = sourcecode.c.h; path = lauxlib.h; sourceTree = "<group>"; };
		C9825BAD1BBD092F00DC93F6 /* lbaselib.c */ = {isa = PBXFileReference; fileEncoding = 4; lastKnownFileType = sourcecode.c.c; path = lbaselib.c; sourceTree = "<group>"; };
		C9825BAE1BBD092F00DC93F6 /* lbitlib.c */ = {isa = PBXFileReference; fileEncoding = 4; lastKnownFileType = sourcecode.c.c; path = lbitlib.c; sourceTree = "<group>"; };
		C9825BAF1BBD092F00DC93F6 /* lcode.c */ = {isa = PBXFileReference; fileEncoding = 4; lastKnownFileType = sourcecode.c.c; path = lcode.c; sourceTree = "<group>"; };
		C9825BB01BBD092F00DC93F6 /* lcode.h */ = {isa = PBXFileReference; fileEncoding = 4; lastKnownFileType = sourcecode.c.h; path = lcode.h; sourceTree = "<group>"; };
		C9825BB11BBD092F00DC93F6 /* lcorolib.c */ = {isa = PBXFileReference; fileEncoding = 4; lastKnownFileType = sourcecode.c.c; path = lcorolib.c; sourceTree = "<group>"; };
		C9825BB21BBD092F00DC93F6 /* lctype.c */ = {isa = PBXFileReference; fileEncoding = 4; lastKnownFileType = sourcecode.c.c; path = lctype.c; sourceTree = "<group>"; };
		C9825BB31BBD092F00DC93F6 /* lctype.h */ = {isa = PBXFileReference; fileEncoding = 4; lastKnownFileType = sourcecode.c.h; path = lctype.h; sourceTree = "<group>"; };
		C9825BB41BBD092F00DC93F6 /* ldblib.c */ = {isa = PBXFileReference; fileEncoding = 4; lastKnownFileType = sourcecode.c.c; path = ldblib.c; sourceTree = "<group>"; };
		C9825BB51BBD092F00DC93F6 /* ldebug.c */ = {isa = PBXFileReference; fileEncoding = 4; lastKnownFileType = sourcecode.c.c; path = ldebug.c; sourceTree = "<group>"; };
		C9825BB61BBD092F00DC93F6 /* ldebug.h */ = {isa = PBXFileReference; fileEncoding = 4; lastKnownFileType = sourcecode.c.h; path = ldebug.h; sourceTree = "<group>"; };
		C9825BB71BBD092F00DC93F6 /* ldo.c */ = {isa = PBXFileReference; fileEncoding = 4; lastKnownFileType = sourcecode.c.c; path = ldo.c; sourceTree = "<group>"; };
		C9825BB81BBD092F00DC93F6 /* ldo.h */ = {isa = PBXFileReference; fileEncoding = 4; lastKnownFileType = sourcecode.c.h; path = ldo.h; sourceTree = "<group>"; };
		C9825BB91BBD092F00DC93F6 /* ldump.c */ = {isa = PBXFileReference; fileEncoding = 4; lastKnownFileType = sourcecode.c.c; path = ldump.c; sourceTree = "<group>"; };
		C9825BBA1BBD092F00DC93F6 /* lfunc.c */ = {isa = PBXFileReference; fileEncoding = 4; lastKnownFileType = sourcecode.c.c; path = lfunc.c; sourceTree = "<group>"; };
		C9825BBB1BBD092F00DC93F6 /* lfunc.h */ = {isa = PBXFileReference; fileEncoding = 4; lastKnownFileType = sourcecode.c.h; path = lfunc.h; sourceTree = "<group>"; };
		C9825BBC1BBD092F00DC93F6 /* lgc.c */ = {isa = PBXFileReference; fileEncoding = 4; lastKnownFileType = sourcecode.c.c; path = lgc.c; sourceTree = "<group>"; };
		C9825BBD1BBD092F00DC93F6 /* lgc.h */ = {isa = PBXFileReference; fileEncoding = 4; lastKnownFileType = sourcecode.c.h; path = lgc.h; sourceTree = "<group>"; };
		C9825BBE1BBD092F00DC93F6 /* linit.c */ = {isa = PBXFileReference; fileEncoding = 4; lastKnownFileType = sourcecode.c.c; path = linit.c; sourceTree = "<group>"; };
		C9825BBF1BBD092F00DC93F6 /* liolib.c */ = {isa = PBXFileReference; fileEncoding = 4; lastKnownFileType = sourcecode.c.c; path = liolib.c; sourceTree = "<group>"; };
		C9825BC01BBD092F00DC93F6 /* llex.c */ = {isa = PBXFileReference; fileEncoding = 4; lastKnownFileType = sourcecode.c.c; path = llex.c; sourceTree = "<group>"; };
		C9825BC11BBD092F00DC93F6 /* llex.h */ = {isa = PBXFileReference; fileEncoding = 4; lastKnownFileType = sourcecode.c.h; path = llex.h; sourceTree = "<group>"; };
		C9825BC21BBD092F00DC93F6 /* llimits.h */ = {isa = PBXFileReference; fileEncoding = 4; lastKnownFileType = sourcecode.c.h; path = llimits.h; sourceTree = "<group>"; };
		C9825BC31BBD092F00DC93F6 /* lmathlib.c */ = {isa = PBXFileReference; fileEncoding = 4; lastKnownFileType = sourcecode.c.c; path = lmathlib.c; sourceTree = "<group>"; };
		C9825BC41BBD092F00DC93F6 /* lmem.c */ = {isa = PBXFileReference; fileEncoding = 4; lastKnownFileType = sourcecode.c.c; path = lmem.c; sourceTree = "<group>"; };
		C9825BC51BBD092F00DC93F6 /* lmem.h */ = {isa = PBXFileReference; fileEncoding = 4; lastKnownFileType = sourcecode.c.h; path = lmem.h; sourceTree = "<group>"; };
		C9825BC61BBD092F00DC93F6 /* loadlib.c */ = {isa = PBXFileReference; fileEncoding = 4; lastKnownFileType = sourcecode.c.c; path = loadlib.c; sourceTree = "<group>"; };
		C9825BC71BBD092F00DC93F6 /* lobject.c */ = {isa = PBXFileReference; fileEncoding = 4; lastKnownFileType = sourcecode.c.c; path = lobject.c; sourceTree = "<group>"; };
		C9825BC81BBD092F00DC93F6 /* lobject.h */ = {isa = PBXFileReference; fileEncoding = 4; lastKnownFileType = sourcecode.c.h; path = lobject.h; sourceTree = "<group>"; };
		C9825BC91BBD092F00DC93F6 /* lopcodes.c */ = {isa = PBXFileReference; fileEncoding = 4; lastKnownFileType = sourcecode.c.c; path = lopcodes.c; sourceTree = "<group>"; };
		C9825BCA1BBD092F00DC93F6 /* lopcodes.h */ = {isa = PBXFileReference; fileEncoding = 4; lastKnownFileType = sourcecode.c.h; path = lopcodes.h; sourceTree = "<group>"; };
		C9825BCB1BBD092F00DC93F6 /* loslib.c */ = {isa = PBXFileReference; fileEncoding = 4; lastKnownFileType = sourcecode.c.c; path = loslib.c; sourceTree = "<group>"; };
		C9825BCC1BBD092F00DC93F6 /* lparser.c */ = {isa = PBXFileReference; fileEncoding = 4; lastKnownFileType = sourcecode.c.c; path = lparser.c; sourceTree = "<group>"; };
		C9825BCD1BBD092F00DC93F6 /* lparser.h */ = {isa = PBXFileReference; fileEncoding = 4; lastKnownFileType = sourcecode.c.h; path = lparser.h; sourceTree = "<group>"; };
		C9825BCE1BBD092F00DC93F6 /* lprefix.h */ = {isa = PBXFileReference; fileEncoding = 4; lastKnownFileType = sourcecode.c.h; path = lprefix.h; sourceTree = "<group>"; };
		C9825BCF1BBD092F00DC93F6 /* lstate.c */ = {isa = PBXFileReference; fileEncoding = 4; lastKnownFileType = sourcecode.c.c; path = lstate.c; sourceTree = "<group>"; };
		C9825BD01BBD092F00DC93F6 /* lstate.h */ = {isa = PBXFileReference; fileEncoding = 4; lastKnownFileType = sourcecode.c.h; path = lstate.h; sourceTree = "<group>"; };
		C9825BD11BBD092F00DC93F6 /* lstring.c */ = {isa = PBXFileReference; fileEncoding = 4; lastKnownFileType = sourcecode.c.c; path = lstring.c; sourceTree = "<group>"; };
		C9825BD21BBD092F00DC93F6 /* lstring.h */ = {isa = PBXFileReference; fileEncoding = 4; lastKnownFileType = sourcecode.c.h; path = lstring.h; sourceTree = "<group>"; };
		C9825BD31BBD092F00DC93F6 /* lstrlib.c */ = {isa = PBXFileReference; fileEncoding = 4; lastKnownFileType = sourcecode.c.c; path = lstrlib.c; sourceTree = "<group>"; };
		C9825BD41BBD092F00DC93F6 /* ltable.c */ = {isa = PBXFileReference; fileEncoding = 4; lastKnownFileType = sourcecode.c.c; path = ltable.c; sourceTree = "<group>"; };
		C9825BD51BBD092F00DC93F6 /* ltable.h */ = {isa = PBXFileReference; fileEncoding = 4; lastKnownFileType = sourcecode.c.h; path = ltable.h; sourceTree = "<group>"; };
		C9825BD61BBD092F00DC93F6 /* ltablib.c */ = {isa = PBXFileReference; fileEncoding = 4; lastKnownFileType = sourcecode.c.c; path = ltablib.c; sourceTree = "<group>"; };
		C9825BD71BBD092F00DC93F6 /* ltm.c */ = {isa = PBXFileReference; fileEncoding = 4; lastKnownFileType = sourcecode.c.c; path = ltm.c; sourceTree = "<group>"; };
		C9825BD81BBD092F00DC93F6 /* ltm.h */ = {isa = PBXFileReference; fileEncoding = 4; lastKnownFileType = sourcecode.c.h; path = ltm.h; sourceTree = "<group>"; };
		C9825BDA1BBD092F00DC93F6 /* lua.h */ = {isa = PBXFileReference; fileEncoding = 4; lastKnownFileType = sourcecode.c.h; path = lua.h; sourceTree = "<group>"; };
		C9825BDB1BBD092F00DC93F6 /* lua.hpp */ = {isa = PBXFileReference; fileEncoding = 4; lastKnownFileType = sourcecode.cpp.h; path = lua.hpp; sourceTree = "<group>"; };
		C9825BDD1BBD092F00DC93F6 /* luaconf.h */ = {isa = PBXFileReference; fileEncoding = 4; lastKnownFileType = sourcecode.c.h; path = luaconf.h; sourceTree = "<group>"; };
		C9825BDE1BBD092F00DC93F6 /* lualib.h */ = {isa = PBXFileReference; fileEncoding = 4; lastKnownFileType = sourcecode.c.h; path = lualib.h; sourceTree = "<group>"; };
		C9825BDF1BBD092F00DC93F6 /* lundump.c */ = {isa = PBXFileReference; fileEncoding = 4; lastKnownFileType = sourcecode.c.c; path = lundump.c; sourceTree = "<group>"; };
		C9825BE01BBD092F00DC93F6 /* lundump.h */ = {isa = PBXFileReference; fileEncoding = 4; lastKnownFileType = sourcecode.c.h; path = lundump.h; sourceTree = "<group>"; };
		C9825BE11BBD092F00DC93F6 /* lutf8lib.c */ = {isa = PBXFileReference; fileEncoding = 4; lastKnownFileType = sourcecode.c.c; path = lutf8lib.c; sourceTree = "<group>"; };
		C9825BE21BBD092F00DC93F6 /* lvm.c */ = {isa = PBXFileReference; fileEncoding = 4; lastKnownFileType = sourcecode.c.c; path = lvm.c; sourceTree = "<group>"; };
		C9825BE31BBD092F00DC93F6 /* lvm.h */ = {isa = PBXFileReference; fileEncoding = 4; lastKnownFileType = sourcecode.c.h; path = lvm.h; sourceTree = "<group>"; };
		C9825BE41BBD092F00DC93F6 /* lzio.c */ = {isa = PBXFileReference; fileEncoding = 4; lastKnownFileType = sourcecode.c.c; path = lzio.c; sourceTree = "<group>"; };
		C9825BE51BBD092F00DC93F6 /* lzio.h */ = {isa = PBXFileReference; fileEncoding = 4; lastKnownFileType = sourcecode.c.h; path = lzio.h; sourceTree = "<group>"; };
		C9825C0D1BBD1C9700DC93F6 /* ship.lua */ = {isa = PBXFileReference; fileEncoding = 4; lastKnownFileType = text; path = ship.lua; sourceTree = "<group>"; };
/* End PBXFileReference section */

/* Begin PBXFrameworksBuildPhase section */
		C90CB2A01BBBC5C2003556E8 /* Frameworks */ = {
			isa = PBXFrameworksBuildPhase;
			buildActionMask = 2147483647;
			files = (
			);
			runOnlyForDeploymentPostprocessing = 0;
		};
		C90CB2B91BBBC5C2003556E8 /* Frameworks */ = {
			isa = PBXFrameworksBuildPhase;
			buildActionMask = 2147483647;
			files = (
			);
			runOnlyForDeploymentPostprocessing = 0;
		};
		C90CB2C41BBBC5C2003556E8 /* Frameworks */ = {
			isa = PBXFrameworksBuildPhase;
			buildActionMask = 2147483647;
			files = (
			);
			runOnlyForDeploymentPostprocessing = 0;
		};
/* End PBXFrameworksBuildPhase section */

/* Begin PBXGroup section */
		C90CB29A1BBBC5C1003556E8 = {
			isa = PBXGroup;
			children = (
				C90CB2A51BBBC5C2003556E8 /* firstLua */,
				C90CB2BF1BBBC5C2003556E8 /* firstLuaTests */,
				C90CB2CA1BBBC5C2003556E8 /* firstLuaUITests */,
				C90CB2A41BBBC5C2003556E8 /* Products */,
			);
			sourceTree = "<group>";
		};
		C90CB2A41BBBC5C2003556E8 /* Products */ = {
			isa = PBXGroup;
			children = (
				C90CB2A31BBBC5C2003556E8 /* firstLua.app */,
				C90CB2BC1BBBC5C2003556E8 /* firstLuaTests.xctest */,
				C90CB2C71BBBC5C2003556E8 /* firstLuaUITests.xctest */,
			);
			name = Products;
			sourceTree = "<group>";
		};
		C90CB2A51BBBC5C2003556E8 /* firstLua */ = {
			isa = PBXGroup;
			children = (
				C90CB2A91BBBC5C2003556E8 /* AppDelegate.h */,
				C90CB2AA1BBBC5C2003556E8 /* AppDelegate.m */,
				C90CB2AC1BBBC5C2003556E8 /* ViewController.h */,
				C90CB2AD1BBBC5C2003556E8 /* ViewController.m */,
				C90CB2D91BBBC944003556E8 /* ShipController.h */,
				C90CB2DA1BBBC944003556E8 /* ShipController.m */,
				C90CB2AF1BBBC5C2003556E8 /* Main.storyboard */,
				C90CB2B21BBBC5C2003556E8 /* Assets.xcassets */,
				C90CB2B41BBBC5C2003556E8 /* LaunchScreen.storyboard */,
				C90CB2B71BBBC5C2003556E8 /* Info.plist */,
				C9825C0D1BBD1C9700DC93F6 /* ship.lua */,
				C958343B1BBE5A1B001341DB /* enemy_ship.lua */,
				C9825BA81BBD092F00DC93F6 /* lua */,
				C90CB2A61BBBC5C2003556E8 /* Supporting Files */,
			);
			path = firstLua;
			sourceTree = "<group>";
		};
		C90CB2A61BBBC5C2003556E8 /* Supporting Files */ = {
			isa = PBXGroup;
			children = (
				C90CB2DD1BBBE783003556E8 /* firstLua-Prefix.pch */,
				C90CB2A71BBBC5C2003556E8 /* main.m */,
			);
			name = "Supporting Files";
			sourceTree = "<group>";
		};
		C90CB2BF1BBBC5C2003556E8 /* firstLuaTests */ = {
			isa = PBXGroup;
			children = (
				C90CB2C01BBBC5C2003556E8 /* firstLuaTests.m */,
				C90CB2C21BBBC5C2003556E8 /* Info.plist */,
			);
			path = firstLuaTests;
			sourceTree = "<group>";
		};
		C90CB2CA1BBBC5C2003556E8 /* firstLuaUITests */ = {
			isa = PBXGroup;
			children = (
				C90CB2CB1BBBC5C2003556E8 /* firstLuaUITests.m */,
				C90CB2CD1BBBC5C2003556E8 /* Info.plist */,
			);
			path = firstLuaUITests;
			sourceTree = "<group>";
		};
		C9825BA81BBD092F00DC93F6 /* lua */ = {
			isa = PBXGroup;
			children = (
				C9825BA91BBD092F00DC93F6 /* lapi.c */,
				C9825BAA1BBD092F00DC93F6 /* lapi.h */,
				C9825BAB1BBD092F00DC93F6 /* lauxlib.c */,
				C9825BAC1BBD092F00DC93F6 /* lauxlib.h */,
				C9825BAD1BBD092F00DC93F6 /* lbaselib.c */,
				C9825BAE1BBD092F00DC93F6 /* lbitlib.c */,
				C9825BAF1BBD092F00DC93F6 /* lcode.c */,
				C9825BB01BBD092F00DC93F6 /* lcode.h */,
				C9825BB11BBD092F00DC93F6 /* lcorolib.c */,
				C9825BB21BBD092F00DC93F6 /* lctype.c */,
				C9825BB31BBD092F00DC93F6 /* lctype.h */,
				C9825BB41BBD092F00DC93F6 /* ldblib.c */,
				C9825BB51BBD092F00DC93F6 /* ldebug.c */,
				C9825BB61BBD092F00DC93F6 /* ldebug.h */,
				C9825BB71BBD092F00DC93F6 /* ldo.c */,
				C9825BB81BBD092F00DC93F6 /* ldo.h */,
				C9825BB91BBD092F00DC93F6 /* ldump.c */,
				C9825BBA1BBD092F00DC93F6 /* lfunc.c */,
				C9825BBB1BBD092F00DC93F6 /* lfunc.h */,
				C9825BBC1BBD092F00DC93F6 /* lgc.c */,
				C9825BBD1BBD092F00DC93F6 /* lgc.h */,
				C9825BBE1BBD092F00DC93F6 /* linit.c */,
				C9825BBF1BBD092F00DC93F6 /* liolib.c */,
				C9825BC01BBD092F00DC93F6 /* llex.c */,
				C9825BC11BBD092F00DC93F6 /* llex.h */,
				C9825BC21BBD092F00DC93F6 /* llimits.h */,
				C9825BC31BBD092F00DC93F6 /* lmathlib.c */,
				C9825BC41BBD092F00DC93F6 /* lmem.c */,
				C9825BC51BBD092F00DC93F6 /* lmem.h */,
				C9825BC61BBD092F00DC93F6 /* loadlib.c */,
				C9825BC71BBD092F00DC93F6 /* lobject.c */,
				C9825BC81BBD092F00DC93F6 /* lobject.h */,
				C9825BC91BBD092F00DC93F6 /* lopcodes.c */,
				C9825BCA1BBD092F00DC93F6 /* lopcodes.h */,
				C9825BCB1BBD092F00DC93F6 /* loslib.c */,
				C9825BCC1BBD092F00DC93F6 /* lparser.c */,
				C9825BCD1BBD092F00DC93F6 /* lparser.h */,
				C9825BCE1BBD092F00DC93F6 /* lprefix.h */,
				C9825BCF1BBD092F00DC93F6 /* lstate.c */,
				C9825BD01BBD092F00DC93F6 /* lstate.h */,
				C9825BD11BBD092F00DC93F6 /* lstring.c */,
				C9825BD21BBD092F00DC93F6 /* lstring.h */,
				C9825BD31BBD092F00DC93F6 /* lstrlib.c */,
				C9825BD41BBD092F00DC93F6 /* ltable.c */,
				C9825BD51BBD092F00DC93F6 /* ltable.h */,
				C9825BD61BBD092F00DC93F6 /* ltablib.c */,
				C9825BD71BBD092F00DC93F6 /* ltm.c */,
				C9825BD81BBD092F00DC93F6 /* ltm.h */,
				C9825BDA1BBD092F00DC93F6 /* lua.h */,
				C9825BDB1BBD092F00DC93F6 /* lua.hpp */,
				C9825BDD1BBD092F00DC93F6 /* luaconf.h */,
				C9825BDE1BBD092F00DC93F6 /* lualib.h */,
				C9825BDF1BBD092F00DC93F6 /* lundump.c */,
				C9825BE01BBD092F00DC93F6 /* lundump.h */,
				C9825BE11BBD092F00DC93F6 /* lutf8lib.c */,
				C9825BE21BBD092F00DC93F6 /* lvm.c */,
				C9825BE31BBD092F00DC93F6 /* lvm.h */,
				C9825BE41BBD092F00DC93F6 /* lzio.c */,
				C9825BE51BBD092F00DC93F6 /* lzio.h */,
			);
			path = lua;
			sourceTree = "<group>";
		};
/* End PBXGroup section */

/* Begin PBXNativeTarget section */
		C90CB2A21BBBC5C2003556E8 /* firstLua */ = {
			isa = PBXNativeTarget;
			buildConfigurationList = C90CB2D01BBBC5C2003556E8 /* Build configuration list for PBXNativeTarget "firstLua" */;
			buildPhases = (
				C90CB29F1BBBC5C2003556E8 /* Sources */,
				C90CB2A01BBBC5C2003556E8 /* Frameworks */,
				C90CB2A11BBBC5C2003556E8 /* Resources */,
			);
			buildRules = (
			);
			dependencies = (
			);
			name = firstLua;
			productName = firstLua;
			productReference = C90CB2A31BBBC5C2003556E8 /* firstLua.app */;
			productType = "com.apple.product-type.application";
		};
		C90CB2BB1BBBC5C2003556E8 /* firstLuaTests */ = {
			isa = PBXNativeTarget;
			buildConfigurationList = C90CB2D31BBBC5C2003556E8 /* Build configuration list for PBXNativeTarget "firstLuaTests" */;
			buildPhases = (
				C90CB2B81BBBC5C2003556E8 /* Sources */,
				C90CB2B91BBBC5C2003556E8 /* Frameworks */,
				C90CB2BA1BBBC5C2003556E8 /* Resources */,
			);
			buildRules = (
			);
			dependencies = (
				C90CB2BE1BBBC5C2003556E8 /* PBXTargetDependency */,
			);
			name = firstLuaTests;
			productName = firstLuaTests;
			productReference = C90CB2BC1BBBC5C2003556E8 /* firstLuaTests.xctest */;
			productType = "com.apple.product-type.bundle.unit-test";
		};
		C90CB2C61BBBC5C2003556E8 /* firstLuaUITests */ = {
			isa = PBXNativeTarget;
			buildConfigurationList = C90CB2D61BBBC5C2003556E8 /* Build configuration list for PBXNativeTarget "firstLuaUITests" */;
			buildPhases = (
				C90CB2C31BBBC5C2003556E8 /* Sources */,
				C90CB2C41BBBC5C2003556E8 /* Frameworks */,
				C90CB2C51BBBC5C2003556E8 /* Resources */,
			);
			buildRules = (
			);
			dependencies = (
				C90CB2C91BBBC5C2003556E8 /* PBXTargetDependency */,
			);
			name = firstLuaUITests;
			productName = firstLuaUITests;
			productReference = C90CB2C71BBBC5C2003556E8 /* firstLuaUITests.xctest */;
			productType = "com.apple.product-type.bundle.ui-testing";
		};
/* End PBXNativeTarget section */

/* Begin PBXProject section */
		C90CB29B1BBBC5C1003556E8 /* Project object */ = {
			isa = PBXProject;
			attributes = {
				LastUpgradeCheck = 0700;
				ORGANIZATIONNAME = april;
				TargetAttributes = {
					C90CB2A21BBBC5C2003556E8 = {
						CreatedOnToolsVersion = 7.0;
					};
					C90CB2BB1BBBC5C2003556E8 = {
						CreatedOnToolsVersion = 7.0;
						TestTargetID = C90CB2A21BBBC5C2003556E8;
					};
					C90CB2C61BBBC5C2003556E8 = {
						CreatedOnToolsVersion = 7.0;
						TestTargetID = C90CB2A21BBBC5C2003556E8;
					};
				};
			};
			buildConfigurationList = C90CB29E1BBBC5C1003556E8 /* Build configuration list for PBXProject "firstLua" */;
			compatibilityVersion = "Xcode 3.2";
			developmentRegion = English;
			hasScannedForEncodings = 0;
			knownRegions = (
				en,
				Base,
			);
			mainGroup = C90CB29A1BBBC5C1003556E8;
			productRefGroup = C90CB2A41BBBC5C2003556E8 /* Products */;
			projectDirPath = "";
			projectRoot = "";
			targets = (
				C90CB2A21BBBC5C2003556E8 /* firstLua */,
				C90CB2BB1BBBC5C2003556E8 /* firstLuaTests */,
				C90CB2C61BBBC5C2003556E8 /* firstLuaUITests */,
			);
		};
/* End PBXProject section */

/* Begin PBXResourcesBuildPhase section */
		C90CB2A11BBBC5C2003556E8 /* Resources */ = {
			isa = PBXResourcesBuildPhase;
			buildActionMask = 2147483647;
			files = (
				C9825C0E1BBD1C9700DC93F6 /* ship.lua in Resources */,
				C90CB2B61BBBC5C2003556E8 /* LaunchScreen.storyboard in Resources */,
				C90CB2B31BBBC5C2003556E8 /* Assets.xcassets in Resources */,
				C958343C1BBE5A1B001341DB /* enemy_ship.lua in Resources */,
				C90CB2B11BBBC5C2003556E8 /* Main.storyboard in Resources */,
			);
			runOnlyForDeploymentPostprocessing = 0;
		};
		C90CB2BA1BBBC5C2003556E8 /* Resources */ = {
			isa = PBXResourcesBuildPhase;
			buildActionMask = 2147483647;
			files = (
			);
			runOnlyForDeploymentPostprocessing = 0;
		};
		C90CB2C51BBBC5C2003556E8 /* Resources */ = {
			isa = PBXResourcesBuildPhase;
			buildActionMask = 2147483647;
			files = (
			);
			runOnlyForDeploymentPostprocessing = 0;
		};
/* End PBXResourcesBuildPhase section */

/* Begin PBXSourcesBuildPhase section */
		C90CB29F1BBBC5C2003556E8 /* Sources */ = {
			isa = PBXSourcesBuildPhase;
			buildActionMask = 2147483647;
			files = (
				C9825C031BBD092F00DC93F6 /* ltm.c in Sources */,
				C9825C071BBD092F00DC93F6 /* lutf8lib.c in Sources */,
				C9825BF61BBD092F00DC93F6 /* llex.c in Sources */,
				C9825BF41BBD092F00DC93F6 /* linit.c in Sources */,
				C9825BF21BBD092F00DC93F6 /* lfunc.c in Sources */,
				C9825BF11BBD092F00DC93F6 /* ldump.c in Sources */,
				C9825BFC1BBD092F00DC93F6 /* loslib.c in Sources */,
				C9825BEB1BBD092F00DC93F6 /* lcode.c in Sources */,
				C9825BF71BBD092F00DC93F6 /* lmathlib.c in Sources */,
				C9825BE71BBD092F00DC93F6 /* lapi.c in Sources */,
				C9825BFF1BBD092F00DC93F6 /* lstring.c in Sources */,
				C9825BFB1BBD092F00DC93F6 /* lopcodes.c in Sources */,
				C90CB2AE1BBBC5C2003556E8 /* ViewController.m in Sources */,
				C9825BEC1BBD092F00DC93F6 /* lcorolib.c in Sources */,
				C90CB2AB1BBBC5C2003556E8 /* AppDelegate.m in Sources */,
				C90CB2A81BBBC5C2003556E8 /* main.m in Sources */,
				C9825BFD1BBD092F00DC93F6 /* lparser.c in Sources */,
				C9825BFE1BBD092F00DC93F6 /* lstate.c in Sources */,
				C9825C011BBD092F00DC93F6 /* ltable.c in Sources */,
				C9825BF51BBD092F00DC93F6 /* liolib.c in Sources */,
				C9825BF91BBD092F00DC93F6 /* loadlib.c in Sources */,
				C9825BFA1BBD092F00DC93F6 /* lobject.c in Sources */,
				C9825C021BBD092F00DC93F6 /* ltablib.c in Sources */,
				C9825BEE1BBD092F00DC93F6 /* ldblib.c in Sources */,
				C9825C081BBD092F00DC93F6 /* lvm.c in Sources */,
				C9825C091BBD092F00DC93F6 /* lzio.c in Sources */,
				C9825BF31BBD092F00DC93F6 /* lgc.c in Sources */,
				C9825BF81BBD092F00DC93F6 /* lmem.c in Sources */,
				C9825C001BBD092F00DC93F6 /* lstrlib.c in Sources */,
				C9825BEA1BBD092F00DC93F6 /* lbitlib.c in Sources */,
				C9825BE91BBD092F00DC93F6 /* lbaselib.c in Sources */,
				C9825BF01BBD092F00DC93F6 /* ldo.c in Sources */,
				C9825C061BBD092F00DC93F6 /* lundump.c in Sources */,
				C90CB2DB1BBBC944003556E8 /* ShipController.m in Sources */,
				C9825BE81BBD092F00DC93F6 /* lauxlib.c in Sources */,
				C9825BED1BBD092F00DC93F6 /* lctype.c in Sources */,
				C9825BEF1BBD092F00DC93F6 /* ldebug.c in Sources */,
			);
			runOnlyForDeploymentPostprocessing = 0;
		};
		C90CB2B81BBBC5C2003556E8 /* Sources */ = {
			isa = PBXSourcesBuildPhase;
			buildActionMask = 2147483647;
			files = (
				C90CB2C11BBBC5C2003556E8 /* firstLuaTests.m in Sources */,
			);
			runOnlyForDeploymentPostprocessing = 0;
		};
		C90CB2C31BBBC5C2003556E8 /* Sources */ = {
			isa = PBXSourcesBuildPhase;
			buildActionMask = 2147483647;
			files = (
				C90CB2CC1BBBC5C2003556E8 /* firstLuaUITests.m in Sources */,
			);
			runOnlyForDeploymentPostprocessing = 0;
		};
/* End PBXSourcesBuildPhase section */

/* Begin PBXTargetDependency section */
		C90CB2BE1BBBC5C2003556E8 /* PBXTargetDependency */ = {
			isa = PBXTargetDependency;
			target = C90CB2A21BBBC5C2003556E8 /* firstLua */;
			targetProxy = C90CB2BD1BBBC5C2003556E8 /* PBXContainerItemProxy */;
		};
		C90CB2C91BBBC5C2003556E8 /* PBXTargetDependency */ = {
			isa = PBXTargetDependency;
			target = C90CB2A21BBBC5C2003556E8 /* firstLua */;
			targetProxy = C90CB2C81BBBC5C2003556E8 /* PBXContainerItemProxy */;
		};
/* End PBXTargetDependency section */

/* Begin PBXVariantGroup section */
		C90CB2AF1BBBC5C2003556E8 /* Main.storyboard */ = {
			isa = PBXVariantGroup;
			children = (
				C90CB2B01BBBC5C2003556E8 /* Base */,
			);
			name = Main.storyboard;
			sourceTree = "<group>";
		};
		C90CB2B41BBBC5C2003556E8 /* LaunchScreen.storyboard */ = {
			isa = PBXVariantGroup;
			children = (
				C90CB2B51BBBC5C2003556E8 /* Base */,
			);
			name = LaunchScreen.storyboard;
			sourceTree = "<group>";
		};
/* End PBXVariantGroup section */

/* Begin XCBuildConfiguration section */
		C90CB2CE1BBBC5C2003556E8 /* Debug */ = {
			isa = XCBuildConfiguration;
			buildSettings = {
				ALWAYS_SEARCH_USER_PATHS = NO;
				CLANG_CXX_LANGUAGE_STANDARD = "gnu++0x";
				CLANG_CXX_LIBRARY = "libc++";
				CLANG_ENABLE_MODULES = YES;
				CLANG_ENABLE_OBJC_ARC = YES;
				CLANG_WARN_BOOL_CONVERSION = YES;
				CLANG_WARN_CONSTANT_CONVERSION = YES;
				CLANG_WARN_DIRECT_OBJC_ISA_USAGE = YES_ERROR;
				CLANG_WARN_EMPTY_BODY = YES;
				CLANG_WARN_ENUM_CONVERSION = YES;
				CLANG_WARN_INT_CONVERSION = YES;
				CLANG_WARN_OBJC_ROOT_CLASS = YES_ERROR;
				CLANG_WARN_UNREACHABLE_CODE = YES;
				CLANG_WARN__DUPLICATE_METHOD_MATCH = YES;
				"CODE_SIGN_IDENTITY[sdk=iphoneos*]" = "iPhone Developer";
				COPY_PHASE_STRIP = NO;
				DEBUG_INFORMATION_FORMAT = dwarf;
				ENABLE_STRICT_OBJC_MSGSEND = YES;
				ENABLE_TESTABILITY = YES;
				GCC_C_LANGUAGE_STANDARD = gnu99;
				GCC_DYNAMIC_NO_PIC = NO;
				GCC_NO_COMMON_BLOCKS = YES;
				GCC_OPTIMIZATION_LEVEL = 0;
				GCC_PREPROCESSOR_DEFINITIONS = (
					"DEBUG=1",
					"$(inherited)",
				);
				GCC_WARN_64_TO_32_BIT_CONVERSION = YES;
				GCC_WARN_ABOUT_RETURN_TYPE = YES_ERROR;
				GCC_WARN_UNDECLARED_SELECTOR = YES;
				GCC_WARN_UNINITIALIZED_AUTOS = YES_AGGRESSIVE;
				GCC_WARN_UNUSED_FUNCTION = YES;
				GCC_WARN_UNUSED_VARIABLE = YES;
				IPHONEOS_DEPLOYMENT_TARGET = 9.0;
				MTL_ENABLE_DEBUG_INFO = YES;
				ONLY_ACTIVE_ARCH = YES;
				SDKROOT = iphoneos;
			};
			name = Debug;
		};
		C90CB2CF1BBBC5C2003556E8 /* Release */ = {
			isa = XCBuildConfiguration;
			buildSettings = {
				ALWAYS_SEARCH_USER_PATHS = NO;
				CLANG_CXX_LANGUAGE_STANDARD = "gnu++0x";
				CLANG_CXX_LIBRARY = "libc++";
				CLANG_ENABLE_MODULES = YES;
				CLANG_ENABLE_OBJC_ARC = YES;
				CLANG_WARN_BOOL_CONVERSION = YES;
				CLANG_WARN_CONSTANT_CONVERSION = YES;
				CLANG_WARN_DIRECT_OBJC_ISA_USAGE = YES_ERROR;
				CLANG_WARN_EMPTY_BODY = YES;
				CLANG_WARN_ENUM_CONVERSION = YES;
				CLANG_WARN_INT_CONVERSION = YES;
				CLANG_WARN_OBJC_ROOT_CLASS = YES_ERROR;
				CLANG_WARN_UNREACHABLE_CODE = YES;
				CLANG_WARN__DUPLICATE_METHOD_MATCH = YES;
				"CODE_SIGN_IDENTITY[sdk=iphoneos*]" = "iPhone Developer";
				COPY_PHASE_STRIP = NO;
				DEBUG_INFORMATION_FORMAT = "dwarf-with-dsym";
				ENABLE_NS_ASSERTIONS = NO;
				ENABLE_STRICT_OBJC_MSGSEND = YES;
				GCC_C_LANGUAGE_STANDARD = gnu99;
				GCC_NO_COMMON_BLOCKS = YES;
				GCC_WARN_64_TO_32_BIT_CONVERSION = YES;
				GCC_WARN_ABOUT_RETURN_TYPE = YES_ERROR;
				GCC_WARN_UNDECLARED_SELECTOR = YES;
				GCC_WARN_UNINITIALIZED_AUTOS = YES_AGGRESSIVE;
				GCC_WARN_UNUSED_FUNCTION = YES;
				GCC_WARN_UNUSED_VARIABLE = YES;
				IPHONEOS_DEPLOYMENT_TARGET = 9.0;
				MTL_ENABLE_DEBUG_INFO = NO;
				SDKROOT = iphoneos;
				VALIDATE_PRODUCT = YES;
			};
			name = Release;
		};
		C90CB2D11BBBC5C2003556E8 /* Debug */ = {
			isa = XCBuildConfiguration;
			buildSettings = {
				ASSETCATALOG_COMPILER_APPICON_NAME = AppIcon;
				ENABLE_BITCODE = NO;
				GCC_PREFIX_HEADER = "firstLua/firstLua-Prefix.pch";
				INFOPLIST_FILE = firstLua/Info.plist;
				IPHONEOS_DEPLOYMENT_TARGET = 8.4;
				LD_RUNPATH_SEARCH_PATHS = "$(inherited) @executable_path/Frameworks";
				PRODUCT_BUNDLE_IDENTIFIER = april.firstLua;
				PRODUCT_NAME = "$(TARGET_NAME)";
			};
			name = Debug;
		};
		C90CB2D21BBBC5C2003556E8 /* Release */ = {
			isa = XCBuildConfiguration;
			buildSettings = {
				ASSETCATALOG_COMPILER_APPICON_NAME = AppIcon;
				ENABLE_BITCODE = NO;
				GCC_PREFIX_HEADER = "firstLua/firstLua-Prefix.pch";
				INFOPLIST_FILE = firstLua/Info.plist;
				IPHONEOS_DEPLOYMENT_TARGET = 8.4;
				LD_RUNPATH_SEARCH_PATHS = "$(inherited) @executable_path/Frameworks";
				PRODUCT_BUNDLE_IDENTIFIER = april.firstLua;
				PRODUCT_NAME = "$(TARGET_NAME)";
			};
			name = Release;
		};
		C90CB2D41BBBC5C2003556E8 /* Debug */ = {
			isa = XCBuildConfiguration;
			buildSettings = {
				BUNDLE_LOADER = "$(TEST_HOST)";
				INFOPLIST_FILE = firstLuaTests/Info.plist;
				LD_RUNPATH_SEARCH_PATHS = "$(inherited) @executable_path/Frameworks @loader_path/Frameworks";
				PRODUCT_BUNDLE_IDENTIFIER = april.firstLuaTests;
				PRODUCT_NAME = "$(TARGET_NAME)";
				TEST_HOST = "$(BUILT_PRODUCTS_DIR)/firstLua.app/firstLua";
			};
			name = Debug;
		};
		C90CB2D51BBBC5C2003556E8 /* Release */ = {
			isa = XCBuildConfiguration;
			buildSettings = {
				BUNDLE_LOADER = "$(TEST_HOST)";
				INFOPLIST_FILE = firstLuaTests/Info.plist;
				LD_RUNPATH_SEARCH_PATHS = "$(inherited) @executable_path/Frameworks @loader_path/Frameworks";
				PRODUCT_BUNDLE_IDENTIFIER = april.firstLuaTests;
				PRODUCT_NAME = "$(TARGET_NAME)";
				TEST_HOST = "$(BUILT_PRODUCTS_DIR)/firstLua.app/firstLua";
			};
			name = Release;
		};
		C90CB2D71BBBC5C2003556E8 /* Debug */ = {
			isa = XCBuildConfiguration;
			buildSettings = {
				INFOPLIST_FILE = firstLuaUITests/Info.plist;
				LD_RUNPATH_SEARCH_PATHS = "$(inherited) @executable_path/Frameworks @loader_path/Frameworks";
				PRODUCT_BUNDLE_IDENTIFIER = april.firstLuaUITests;
				PRODUCT_NAME = "$(TARGET_NAME)";
				TEST_TARGET_NAME = firstLua;
				USES_XCTRUNNER = YES;
			};
			name = Debug;
		};
		C90CB2D81BBBC5C2003556E8 /* Release */ = {
			isa = XCBuildConfiguration;
			buildSettings = {
				INFOPLIST_FILE = firstLuaUITests/Info.plist;
				LD_RUNPATH_SEARCH_PATHS = "$(inherited) @executable_path/Frameworks @loader_path/Frameworks";
				PRODUCT_BUNDLE_IDENTIFIER = april.firstLuaUITests;
				PRODUCT_NAME = "$(TARGET_NAME)";
				TEST_TARGET_NAME = firstLua;
				USES_XCTRUNNER = YES;
			};
			name = Release;
		};
/* End XCBuildConfiguration section */

/* Begin XCConfigurationList section */
		C90CB29E1BBBC5C1003556E8 /* Build configuration list for PBXProject "firstLua" */ = {
			isa = XCConfigurationList;
			buildConfigurations = (
				C90CB2CE1BBBC5C2003556E8 /* Debug */,
				C90CB2CF1BBBC5C2003556E8 /* Release */,
			);
			defaultConfigurationIsVisible = 0;
			defaultConfigurationName = Release;
		};
		C90CB2D01BBBC5C2003556E8 /* Build configuration list for PBXNativeTarget "firstLua" */ = {
			isa = XCConfigurationList;
			buildConfigurations = (
				C90CB2D11BBBC5C2003556E8 /* Debug */,
				C90CB2D21BBBC5C2003556E8 /* Release */,
			);
			defaultConfigurationIsVisible = 0;
			defaultConfigurationName = Release;
		};
		C90CB2D31BBBC5C2003556E8 /* Build configuration list for PBXNativeTarget "firstLuaTests" */ = {
			isa = XCConfigurationList;
			buildConfigurations = (
				C90CB2D41BBBC5C2003556E8 /* Debug */,
				C90CB2D51BBBC5C2003556E8 /* Release */,
			);
			defaultConfigurationIsVisible = 0;
			defaultConfigurationName = Release;
		};
		C90CB2D61BBBC5C2003556E8 /* Build configuration list for PBXNativeTarget "firstLuaUITests" */ = {
			isa = XCConfigurationList;
			buildConfigurations = (
				C90CB2D71BBBC5C2003556E8 /* Debug */,
				C90CB2D81BBBC5C2003556E8 /* Release */,
			);
			defaultConfigurationIsVisible = 0;
			defaultConfigurationName = Release;
		};
/* End XCConfigurationList section */
	};
	rootObject = C90CB29B1BBBC5C1003556E8 /* Project object */;
}
